
Microsoft Visual Studio Solution File, Format Version 12.00
# Visual Studio 15
VisualStudioVersion = 15.0.27428.2005
MinimumVisualStudioVersion = 10.0.40219.1
Project("{8BC9CEB8-8B4A-11D0-8D11-00A0C91BC942}") = "Esp32Scope", "Esp32Scope\Esp32Scope.vcxproj", "{C5F80730-F44F-4478-BDAE-6634EFC2CA88}"
EndProject
Project("{8BC9CEB8-8B4A-11D0-8D11-00A0C91BC942}") = "IoTaDeviceHub", "..\IoTaLibEmbedded\IoTaLibEmbedded\IoTaLibEmbedded.vcxitems", "{0FA9F25A-FB65-436E-BA56-ABED0E0FB5A1}"
EndProject
Project("{8BC9CEB8-8B4A-11D0-8D11-00A0C91BC942}") = "ScopeTest", "ScopeTest\ScopeTest.vcxproj", "{FBC78DCC-32F0-4F94-A0AC-0D3484DB19B1}"
EndProject
Global
	GlobalSection(SharedMSBuildProjectFiles) = preSolution
		..\IoTaLibEmbedded\IoTaLibEmbedded\IoTaLibEmbedded.vcxitems*{0fa9f25a-fb65-436e-ba56-abed0e0fb5a1}*SharedItemsImports = 9
		..\IoTaLibEmbedded\IoTaLibEmbedded\IoTaLibEmbedded.vcxitems*{c5f80730-f44f-4478-bdae-6634efc2ca88}*SharedItemsImports = 4
	EndGlobalSection
	GlobalSection(SolutionConfigurationPlatforms) = preSolution
		Debug|x64 = Debug|x64
		Debug|x86 = Debug|x86
		fpermissive|x64 = fpermissive|x64
		fpermissive|x86 = fpermissive|x86
		Release|x64 = Release|x64
		Release|x86 = Release|x86
	EndGlobalSection
	GlobalSection(ProjectConfigurationPlatforms) = postSolution
		{C5F80730-F44F-4478-BDAE-6634EFC2CA88}.Debug|x64.ActiveCfg = Debug|Win32
		{C5F80730-F44F-4478-BDAE-6634EFC2CA88}.Debug|x86.ActiveCfg = Debug|Win32
		{C5F80730-F44F-4478-BDAE-6634EFC2CA88}.Debug|x86.Build.0 = Debug|Win32
		{C5F80730-F44F-4478-BDAE-6634EFC2CA88}.fpermissive|x64.ActiveCfg = fpermissive|Win32
		{C5F80730-F44F-4478-BDAE-6634EFC2CA88}.fpermissive|x86.ActiveCfg = fpermissive|Win32
		{C5F80730-F44F-4478-BDAE-6634EFC2CA88}.fpermissive|x86.Build.0 = fpermissive|Win32
		{C5F80730-F44F-4478-BDAE-6634EFC2CA88}.Release|x64.ActiveCfg = Release|Win32
		{C5F80730-F44F-4478-BDAE-6634EFC2CA88}.Release|x86.ActiveCfg = Release|Win32
		{C5F80730-F44F-4478-BDAE-6634EFC2CA88}.Release|x86.Build.0 = Release|Win32
		{FBC78DCC-32F0-4F94-A0AC-0D3484DB19B1}.Debug|x64.ActiveCfg = Debug|x64
		{FBC78DCC-32F0-4F94-A0AC-0D3484DB19B1}.Debug|x64.Build.0 = Debug|x64
		{FBC78DCC-32F0-4F94-A0AC-0D3484DB19B1}.Debug|x86.ActiveCfg = Debug|Win32
		{FBC78DCC-32F0-4F94-A0AC-0D3484DB19B1}.Debug|x86.Build.0 = Debug|Win32
		{FBC78DCC-32F0-4F94-A0AC-0D3484DB19B1}.fpermissive|x64.ActiveCfg = Release|x64
		{FBC78DCC-32F0-4F94-A0AC-0D3484DB19B1}.fpermissive|x64.Build.0 = Release|x64
		{FBC78DCC-32F0-4F94-A0AC-0D3484DB19B1}.fpermissive|x86.ActiveCfg = Release|Win32
		{FBC78DCC-32F0-4F94-A0AC-0D3484DB19B1}.fpermissive|x86.Build.0 = Release|Win32
		{FBC78DCC-32F0-4F94-A0AC-0D3484DB19B1}.Release|x64.ActiveCfg = Release|x64
		{FBC78DCC-32F0-4F94-A0AC-0D3484DB19B1}.Release|x64.Build.0 = Release|x64
		{FBC78DCC-32F0-4F94-A0AC-0D3484DB19B1}.Release|x86.ActiveCfg = Release|Win32
		{FBC78DCC-32F0-4F94-A0AC-0D3484DB19B1}.Release|x86.Build.0 = Release|Win32
	EndGlobalSection
	GlobalSection(SolutionProperties) = preSolution
		HideSolutionNode = FALSE
	EndGlobalSection
	GlobalSection(ExtensibilityGlobals) = postSolution
		SolutionGuid = {B81F832E-8EB2-40D9-9E22-8E73C6DE193F}
	EndGlobalSection
EndGlobal
